
Microsoft Visual Studio Solution File, Format Version 12.00
# Visual Studio Version 17
VisualStudioVersion = 17.0.32112.339
MinimumVisualStudioVersion = 10.0.40219.1
Project("{FAE04EC0-301F-11D3-BF4B-00C04F79EFBC}") = "ExercicioUm.ConsoleApp", "ExercicioUm.ConsoleApp\ExercicioUm.ConsoleApp.csproj", "{77E0C752-7121-4B19-81BB-AF6D69BE5E33}"
EndProject
Project("{FAE04EC0-301F-11D3-BF4B-00C04F79EFBC}") = "ExercicioDois.ConsoleApp", "ExercicioDois.ConsoleApp\ExercicioDois.ConsoleApp.csproj", "{952F4B9E-F048-4049-ABDD-D6C48A452CB7}"
EndProject
Project("{FAE04EC0-301F-11D3-BF4B-00C04F79EFBC}") = "ExercicioTres.ConsoleApp", "ExercicioTres.ConsoleApp\ExercicioTres.ConsoleApp.csproj", "{1A5AE1A8-832D-4515-8458-CA8B5EAC1EA8}"
EndProject
Project("{FAE04EC0-301F-11D3-BF4B-00C04F79EFBC}") = "ExercicioQuatro.ConsoleApp", "ExercicioQuatro.ConsoleApp\ExercicioQuatro.ConsoleApp.csproj", "{FF052E3C-33B1-4BA1-86C8-17D8E7DEFFD5}"
EndProject
Project("{FAE04EC0-301F-11D3-BF4B-00C04F79EFBC}") = "ExercicioCinco.ConsoleApp", "ExercicioCinco.ConsoleApp\ExercicioCinco.ConsoleApp.csproj", "{0F3694BD-031F-47AA-9096-39855C2FBFA5}"
EndProject
Global
	GlobalSection(SolutionConfigurationPlatforms) = preSolution
		Debug|Any CPU = Debug|Any CPU
		Release|Any CPU = Release|Any CPU
	EndGlobalSection
	GlobalSection(ProjectConfigurationPlatforms) = postSolution
		{77E0C752-7121-4B19-81BB-AF6D69BE5E33}.Debug|Any CPU.ActiveCfg = Debug|Any CPU
		{77E0C752-7121-4B19-81BB-AF6D69BE5E33}.Debug|Any CPU.Build.0 = Debug|Any CPU
		{77E0C752-7121-4B19-81BB-AF6D69BE5E33}.Release|Any CPU.ActiveCfg = Release|Any CPU
		{77E0C752-7121-4B19-81BB-AF6D69BE5E33}.Release|Any CPU.Build.0 = Release|Any CPU
		{952F4B9E-F048-4049-ABDD-D6C48A452CB7}.Debug|Any CPU.ActiveCfg = Debug|Any CPU
		{952F4B9E-F048-4049-ABDD-D6C48A452CB7}.Debug|Any CPU.Build.0 = Debug|Any CPU
		{952F4B9E-F048-4049-ABDD-D6C48A452CB7}.Release|Any CPU.ActiveCfg = Release|Any CPU
		{952F4B9E-F048-4049-ABDD-D6C48A452CB7}.Release|Any CPU.Build.0 = Release|Any CPU
		{1A5AE1A8-832D-4515-8458-CA8B5EAC1EA8}.Debug|Any CPU.ActiveCfg = Debug|Any CPU
		{1A5AE1A8-832D-4515-8458-CA8B5EAC1EA8}.Debug|Any CPU.Build.0 = Debug|Any CPU
		{1A5AE1A8-832D-4515-8458-CA8B5EAC1EA8}.Release|Any CPU.ActiveCfg = Release|Any CPU
		{1A5AE1A8-832D-4515-8458-CA8B5EAC1EA8}.Release|Any CPU.Build.0 = Release|Any CPU
		{FF052E3C-33B1-4BA1-86C8-17D8E7DEFFD5}.Debug|Any CPU.ActiveCfg = Debug|Any CPU
		{FF052E3C-33B1-4BA1-86C8-17D8E7DEFFD5}.Debug|Any CPU.Build.0 = Debug|Any CPU
		{FF052E3C-33B1-4BA1-86C8-17D8E7DEFFD5}.Release|Any CPU.ActiveCfg = Release|Any CPU
		{FF052E3C-33B1-4BA1-86C8-17D8E7DEFFD5}.Release|Any CPU.Build.0 = Release|Any CPU
		{0F3694BD-031F-47AA-9096-39855C2FBFA5}.Debug|Any CPU.ActiveCfg = Debug|Any CPU
		{0F3694BD-031F-47AA-9096-39855C2FBFA5}.Debug|Any CPU.Build.0 = Debug|Any CPU
		{0F3694BD-031F-47AA-9096-39855C2FBFA5}.Release|Any CPU.ActiveCfg = Release|Any CPU
		{0F3694BD-031F-47AA-9096-39855C2FBFA5}.Release|Any CPU.Build.0 = Release|Any CPU
	EndGlobalSection
	GlobalSection(SolutionProperties) = preSolution
		HideSolutionNode = FALSE
	EndGlobalSection
	GlobalSection(ExtensibilityGlobals) = postSolution
		SolutionGuid = {282924F0-E3C3-4A60-86F1-0A50675A4422}
	EndGlobalSection
EndGlobal
